
Microsoft Visual Studio Solution File, Format Version 12.00
# Visual Studio 15
VisualStudioVersion = 15.0.28307.705
MinimumVisualStudioVersion = 10.0.40219.1
Project("{FAE04EC0-301F-11D3-BF4B-00C04F79EFBC}") = "ClassReflection", "ClassReflection\ClassReflection.csproj", "{D7547592-568B-4244-8971-2B3B6BA107ED}"
EndProject
Project("{FAE04EC0-301F-11D3-BF4B-00C04F79EFBC}") = "Dal", "Dal\Dal.csproj", "{387F78AF-6C2A-4DF5-8806-92905576C411}"
EndProject
Project("{FAE04EC0-301F-11D3-BF4B-00C04F79EFBC}") = "Model", "Model\Model.csproj", "{A66C64EE-121D-4967-BC0D-D444821F0800}"
EndProject
Project("{FAE04EC0-301F-11D3-BF4B-00C04F79EFBC}") = "Manager", "Manager\Manager.csproj", "{E5A54DE9-867F-4678-9459-4D4B3A532A60}"
EndProject
Global
	GlobalSection(SolutionConfigurationPlatforms) = preSolution
		Debug|Any CPU = Debug|Any CPU
		Release|Any CPU = Release|Any CPU
	EndGlobalSection
	GlobalSection(ProjectConfigurationPlatforms) = postSolution
		{D7547592-568B-4244-8971-2B3B6BA107ED}.Debug|Any CPU.ActiveCfg = Debug|Any CPU
		{D7547592-568B-4244-8971-2B3B6BA107ED}.Debug|Any CPU.Build.0 = Debug|Any CPU
		{D7547592-568B-4244-8971-2B3B6BA107ED}.Release|Any CPU.ActiveCfg = Release|Any CPU
		{D7547592-568B-4244-8971-2B3B6BA107ED}.Release|Any CPU.Build.0 = Release|Any CPU
		{387F78AF-6C2A-4DF5-8806-92905576C411}.Debug|Any CPU.ActiveCfg = Debug|Any CPU
		{387F78AF-6C2A-4DF5-8806-92905576C411}.Debug|Any CPU.Build.0 = Debug|Any CPU
		{387F78AF-6C2A-4DF5-8806-92905576C411}.Release|Any CPU.ActiveCfg = Release|Any CPU
		{387F78AF-6C2A-4DF5-8806-92905576C411}.Release|Any CPU.Build.0 = Release|Any CPU
		{A66C64EE-121D-4967-BC0D-D444821F0800}.Debug|Any CPU.ActiveCfg = Debug|Any CPU
		{A66C64EE-121D-4967-BC0D-D444821F0800}.Debug|Any CPU.Build.0 = Debug|Any CPU
		{A66C64EE-121D-4967-BC0D-D444821F0800}.Release|Any CPU.ActiveCfg = Release|Any CPU
		{A66C64EE-121D-4967-BC0D-D444821F0800}.Release|Any CPU.Build.0 = Release|Any CPU
		{E5A54DE9-867F-4678-9459-4D4B3A532A60}.Debug|Any CPU.ActiveCfg = Debug|Any CPU
		{E5A54DE9-867F-4678-9459-4D4B3A532A60}.Debug|Any CPU.Build.0 = Debug|Any CPU
		{E5A54DE9-867F-4678-9459-4D4B3A532A60}.Release|Any CPU.ActiveCfg = Release|Any CPU
		{E5A54DE9-867F-4678-9459-4D4B3A532A60}.Release|Any CPU.Build.0 = Release|Any CPU
	EndGlobalSection
	GlobalSection(SolutionProperties) = preSolution
		HideSolutionNode = FALSE
	EndGlobalSection
	GlobalSection(ExtensibilityGlobals) = postSolution
		SolutionGuid = {101DDF8A-9595-429A-B9AA-2EFC47E5D5AA}
	EndGlobalSection
EndGlobal
